{
  "nodes": {
    "epochctl": {
      "inputs": {
        "nixpkgs": [
          "nixpkgs"
        ]
      },
      "locked": {
        "lastModified": 1789757121,
        "narHash": "sha256-CZ4mm9EwcUwv1PJda5SPeE19pGharHfrKFWxiD+t20U=",
        "owner": "bjsemrad",
        "repo": "epochctl",
        "rev": "331cd51849ad5d07b578448adb1f8c3c3062b550",
        "type": "github"
      },
      "original": {
        "owner": "bjsemrad",
        "repo": "epochctl",
        "type": "github"
      }
    },
    "epochoxide": {
      "inputs": {
        "nixpkgs": [
          "nixpkgs"
        ]
      },
      "locked": {
        "lastModified": 1790217926,
        "narHash": "sha256-eKqcHA6tNsog2T+bYFzH6Y2l2kDV2TymGdE3n2E+nM4=",
        "owner": "bjsemrad",
        "repo": "epochoxide",
        "rev": "313ddd229e8d588cd01e8cf0f4687670f1d4dbf7",
        "type": "github"
      },
      "original": {
        "owner": "bjsemrad",
        "repo": "epochoxide",
        "type": "github"
      }
    },
    "home-manager": {
      "inputs": {
        "nixpkgs": [
          "nixpkgs"
        ]
      },
      "locked": {
        "lastModified": 1790199334,
        "narHash": "sha256-EAIvpJtPEqxRO8eXLSj/6AqHMDTxxpd+l2PZVG/Pswk=",
        "owner": "nix-community",
        "repo": "home-manager",
        "rev": "aa09c3b459bf536af336393a175f8416adb49fb0",
        "type": "github"
      },
      "original": {
        "owner": "nix-community",
        "repo": "home-manager",
        "type": "github"
      }
    },
    "nixpkgs": {
      "locked": {
        "lastModified": 1790185690,
        "narHash": "sha256-EZwz6sR6RLzbKiJJ9QQgXPZ/zA6P8ecfFr/6fwBRfes=",
        "rev": "4975466d324710c576dc11ad614684e6bd8cad8e",
        "type": "tarball",
        "url": "https://releases.nixos.org/nixos/unstable/nixos-26.11pre1078696.4975466d3247/nixexprs.tar.zst"
      },
      "original": {
        "id": "nixpkgs",
        "ref": "nixos-unstable",
        "type": "indirect"
      }
    },
    "quickshell": {
      "inputs": {
        "nixpkgs": [
          "nixpkgs"
        ]
      },
      "locked": {
        "lastModified": 1789967089,
        "narHash": "sha256-872tMDDYdjR983q7v2yDlnKOEBSPp5FXDdWF2q87gik=",
        "owner": "quickshell-mirror",
        "repo": "quickshell",
        "rev": "fae96f1a5b7f53de9b7e40e5b53c0b7a2e97b1d7",
        "type": "github"
      },
      "original": {
        "owner": "quickshell-mirror",
        "repo": "quickshell",
        "type": "github"
      }
    },
    "root": {
      "inputs": {
        "epochctl": "epochctl",
        "epochoxide": "epochoxide",
        "home-manager": "home-manager",
        "nixpkgs": "nixpkgs",
        "quickshell": "quickshell"
      }
    }
  },
  "root": "root",
  "version": 7
}
